
Microsoft Visual Studio Solution File, Format Version 12.00
Project("{2150E333-8FDC-42A3-9474-1A3956D46DE8}") = "1-Ports", "1-Ports", "{0725E7BA-F707-4671-B4A8-BA503CEF2B85}"
EndProject
Project("{FAE04EC0-301F-11D3-BF4B-00C04F79EFBC}") = "Task.Api", "Task.Api\Task.Api.csproj", "{0218F21F-A2E3-4DB8-9EB1-449FB4DE2AE4}"
EndProject
Project("{2150E333-8FDC-42A3-9474-1A3956D46DE8}") = "Solution Items", "Solution Items", "{6EB0AF5F-EF5E-4808-AAFF-51FEF4197231}"
EndProject
Project("{2150E333-8FDC-42A3-9474-1A3956D46DE8}") = "4-Commom", "4-Commom", "{8F6E7C7E-74CC-48D1-9B18-EA29551048DC}"
EndProject
Project("{FAE04EC0-301F-11D3-BF4B-00C04F79EFBC}") = "Task.CrossCutting", "Task.CrossCutting\Task.CrossCutting.csproj", "{A478BA8A-BA44-4FDA-BD0D-E41CEA050FAB}"
EndProject
Project("{2150E333-8FDC-42A3-9474-1A3956D46DE8}") = "2-ApplicationCore", "2-ApplicationCore", "{7DB0EF7F-9940-4BF1-8A45-59AA3D7A933E}"
EndProject
Project("{FAE04EC0-301F-11D3-BF4B-00C04F79EFBC}") = "Task.Application", "Task.Application\Task.Application.csproj", "{DD203245-637F-46F0-9CA0-42740D8BABFB}"
EndProject
Project("{FAE04EC0-301F-11D3-BF4B-00C04F79EFBC}") = "Task.Domain", "Task.Domain\Task.Domain.csproj", "{D8E844D8-AB6D-424B-941E-5711A7089C8A}"
EndProject
Project("{2150E333-8FDC-42A3-9474-1A3956D46DE8}") = "3-Adapters", "3-Adapters", "{6BB4B16F-9EEE-442E-BC47-14DEFDF37CF7}"
EndProject
Project("{FAE04EC0-301F-11D3-BF4B-00C04F79EFBC}") = "Task.MongoDbAdpter", "Task.MongoDbAdpter\Task.MongoDbAdpter.csproj", "{53D13A5E-8EF6-4949-A637-37FF09F82738}"
EndProject
Global
	GlobalSection(SolutionConfigurationPlatforms) = preSolution
		Debug|Any CPU = Debug|Any CPU
		Release|Any CPU = Release|Any CPU
	EndGlobalSection
	GlobalSection(NestedProjects) = preSolution
		{0218F21F-A2E3-4DB8-9EB1-449FB4DE2AE4} = {0725E7BA-F707-4671-B4A8-BA503CEF2B85}
		{A478BA8A-BA44-4FDA-BD0D-E41CEA050FAB} = {8F6E7C7E-74CC-48D1-9B18-EA29551048DC}
		{DD203245-637F-46F0-9CA0-42740D8BABFB} = {7DB0EF7F-9940-4BF1-8A45-59AA3D7A933E}
		{D8E844D8-AB6D-424B-941E-5711A7089C8A} = {7DB0EF7F-9940-4BF1-8A45-59AA3D7A933E}
		{53D13A5E-8EF6-4949-A637-37FF09F82738} = {6BB4B16F-9EEE-442E-BC47-14DEFDF37CF7}
	EndGlobalSection
	GlobalSection(ProjectConfigurationPlatforms) = postSolution
		{0218F21F-A2E3-4DB8-9EB1-449FB4DE2AE4}.Debug|Any CPU.ActiveCfg = Debug|Any CPU
		{0218F21F-A2E3-4DB8-9EB1-449FB4DE2AE4}.Debug|Any CPU.Build.0 = Debug|Any CPU
		{0218F21F-A2E3-4DB8-9EB1-449FB4DE2AE4}.Release|Any CPU.ActiveCfg = Release|Any CPU
		{0218F21F-A2E3-4DB8-9EB1-449FB4DE2AE4}.Release|Any CPU.Build.0 = Release|Any CPU
		{A478BA8A-BA44-4FDA-BD0D-E41CEA050FAB}.Debug|Any CPU.ActiveCfg = Debug|Any CPU
		{A478BA8A-BA44-4FDA-BD0D-E41CEA050FAB}.Debug|Any CPU.Build.0 = Debug|Any CPU
		{A478BA8A-BA44-4FDA-BD0D-E41CEA050FAB}.Release|Any CPU.ActiveCfg = Release|Any CPU
		{A478BA8A-BA44-4FDA-BD0D-E41CEA050FAB}.Release|Any CPU.Build.0 = Release|Any CPU
		{DD203245-637F-46F0-9CA0-42740D8BABFB}.Debug|Any CPU.ActiveCfg = Debug|Any CPU
		{DD203245-637F-46F0-9CA0-42740D8BABFB}.Debug|Any CPU.Build.0 = Debug|Any CPU
		{DD203245-637F-46F0-9CA0-42740D8BABFB}.Release|Any CPU.ActiveCfg = Release|Any CPU
		{DD203245-637F-46F0-9CA0-42740D8BABFB}.Release|Any CPU.Build.0 = Release|Any CPU
		{D8E844D8-AB6D-424B-941E-5711A7089C8A}.Debug|Any CPU.ActiveCfg = Debug|Any CPU
		{D8E844D8-AB6D-424B-941E-5711A7089C8A}.Debug|Any CPU.Build.0 = Debug|Any CPU
		{D8E844D8-AB6D-424B-941E-5711A7089C8A}.Release|Any CPU.ActiveCfg = Release|Any CPU
		{D8E844D8-AB6D-424B-941E-5711A7089C8A}.Release|Any CPU.Build.0 = Release|Any CPU
		{53D13A5E-8EF6-4949-A637-37FF09F82738}.Debug|Any CPU.ActiveCfg = Debug|Any CPU
		{53D13A5E-8EF6-4949-A637-37FF09F82738}.Debug|Any CPU.Build.0 = Debug|Any CPU
		{53D13A5E-8EF6-4949-A637-37FF09F82738}.Release|Any CPU.ActiveCfg = Release|Any CPU
		{53D13A5E-8EF6-4949-A637-37FF09F82738}.Release|Any CPU.Build.0 = Release|Any CPU
	EndGlobalSection
EndGlobal
